
Microsoft Visual Studio Solution File, Format Version 12.00
# Visual Studio Version 17
VisualStudioVersion = 17.5.33103.201
MinimumVisualStudioVersion = 10.0.40219.1
Project("{8BC9CEB8-8B4A-11D0-8D11-00A0C91BC942}") = "HW31_C++base_r00_20230509", "HW31_C++base_r00_20230509.vcxproj", "{B83FE97B-9A7E-4242-A799-3A7991F3C958}"
EndProject
Global
	GlobalSection(SolutionConfigurationPlatforms) = preSolution
		Debug|x64 = Debug|x64
		Debug|x86 = Debug|x86
		Release|x64 = Release|x64
		Release|x86 = Release|x86
	EndGlobalSection
	GlobalSection(ProjectConfigurationPlatforms) = postSolution
		{B83FE97B-9A7E-4242-A799-3A7991F3C958}.Debug|x64.ActiveCfg = Debug|x64
		{B83FE97B-9A7E-4242-A799-3A7991F3C958}.Debug|x64.Build.0 = Debug|x64
		{B83FE97B-9A7E-4242-A799-3A7991F3C958}.Debug|x86.ActiveCfg = Debug|Win32
		{B83FE97B-9A7E-4242-A799-3A7991F3C958}.Debug|x86.Build.0 = Debug|Win32
		{B83FE97B-9A7E-4242-A799-3A7991F3C958}.Release|x64.ActiveCfg = Release|x64
		{B83FE97B-9A7E-4242-A799-3A7991F3C958}.Release|x64.Build.0 = Release|x64
		{B83FE97B-9A7E-4242-A799-3A7991F3C958}.Release|x86.ActiveCfg = Release|Win32
		{B83FE97B-9A7E-4242-A799-3A7991F3C958}.Release|x86.Build.0 = Release|Win32
	EndGlobalSection
	GlobalSection(SolutionProperties) = preSolution
		HideSolutionNode = FALSE
	EndGlobalSection
	GlobalSection(ExtensibilityGlobals) = postSolution
		SolutionGuid = {313CDFE0-A6C4-430B-AB76-2B2617270315}
	EndGlobalSection
EndGlobal
